version = 1
revision = 3
requires-python = ">=3.14"

[[package]]
name = "audioop-lts"
version = "0.2.2"
source = { registry = "https://pypi.org/simple" }
sdist = { url = "https://files.pythonhosted.org/packages/38/53/946db57842a50b2da2e0c1e34bd37f36f5aadba1a929a3971c5d7841dbca/audioop_lts-0.2.2.tar.gz", hash = "sha256:64d0c62d88e67b98a1a5e71987b7aa7b5bcffc7dcee65b635823dbdd0a8dbbd0", size = 30686, upload-time = "2025-08-05T16:43:17.409Z" }
wheels = [
    { url = "https://files.pythonhosted.org/packages/de/d4/94d277ca941de5a507b07f0b592f199c22454eeaec8f008a286b3fbbacd6/audioop_lts-0.2.2-cp313-abi3-macosx_10_13_universal2.whl", hash = "sha256:fd3d4602dc64914d462924a08c1a9816435a2155d74f325853c1f1ac3b2d9800", size = 46523, upload-time = "2025-08-05T16:42:20.836Z" },
    { url = "https://files.pythonhosted.org/packages/f8/5a/656d1c2da4b555920ce4177167bfeb8623d98765594af59702c8873f60ec/audioop_lts-0.2.2-cp313-abi3-macosx_10_13_x86_64.whl", hash = "sha256:550c114a8df0aafe9a05442a1162dfc8fec37e9af1d625ae6060fed6e756f303", size = 27455, upload-time = "2025-08-05T16:42:22.283Z" },
    { url = "https://files.pythonhosted.org/packages/1b/83/ea581e364ce7b0d41456fb79d6ee0ad482beda61faf0cab20cbd4c63a541/audioop_lts-0.2.2-cp313-abi3-macosx_11_0_arm64.whl", hash = "sha256:9a13dc409f2564de15dd68be65b462ba0dde01b19663720c68c1140c782d1d75", size = 26997, upload-time = "2025-08-05T16:42:23.849Z" },
    { url = "https://files.pythonhosted.org/packages/b8/3b/e8964210b5e216e5041593b7d33e97ee65967f17c282e8510d19c666dab4/audioop_lts-0.2.2-cp313-abi3-manylinux1_x86_64.manylinux_2_28_x86_64.manylinux_2_5_x86_64.whl", hash = "sha256:51c916108c56aa6e426ce611946f901badac950ee2ddaf302b7ed35d9958970d", size = 85844, upload-time = "2025-08-05T16:42:25.208Z" },
    { url = "https://files.pythonhosted.org/packages/c7/2e/0a1c52faf10d51def20531a59ce4c706cb7952323b11709e10de324d6493/audioop_lts-0.2.2-cp313-abi3-manylinux2014_aarch64.manylinux_2_17_aarch64.manylinux_2_28_aarch64.whl", hash = "sha256:47eba38322370347b1c47024defbd36374a211e8dd5b0dcbce7b34fdb6f8847b", size = 85056, upload-time = "2025-08-05T16:42:26.559Z" },
    { url = "https://files.pythonhosted.org/packages/75/e8/cd95eef479656cb75ab05dfece8c1f8c395d17a7c651d88f8e6e291a63ab/audioop_lts-0.2.2-cp313-abi3-manylinux2014_ppc64le.manylinux_2_17_ppc64le.manylinux_2_28_ppc64le.whl", hash = "sha256:ba7c3a7e5f23e215cb271516197030c32aef2e754252c4c70a50aaff7031a2c8", size = 93892, upload-time = "2025-08-05T16:42:27.902Z" },
    { url = "https://files.pythonhosted.org/packages/5c/1e/a0c42570b74f83efa5cca34905b3eef03f7ab09fe5637015df538a7f3345/audioop_lts-0.2.2-cp313-abi3-manylinux2014_s390x.manylinux_2_17_s390x.manylinux_2_28_s390x.whl", hash = "sha256:def246fe9e180626731b26e89816e79aae2276f825420a07b4a647abaa84becc", size = 96660, upload-time = "2025-08-05T16:42:28.9Z" },
    { url = "https://files.pythonhosted.org/packages/50/d5/8a0ae607ca07dbb34027bac8db805498ee7bfecc05fd2c148cc1ed7646e7/audioop_lts-0.2.2-cp313-abi3-manylinux_2_31_riscv64.manylinux_2_39_riscv64.whl", hash = "sha256:e160bf9df356d841bb6c180eeeea1834085464626dc1b68fa4e1d59070affdc3", size = 79143, upload-time = "2025-08-05T16:42:29.929Z" },
    { url = "https://files.pythonhosted.org/packages/12/17/0d28c46179e7910bfb0bb62760ccb33edb5de973052cb2230b662c14ca2e/audioop_lts-0.2.2-cp313-abi3-musllinux_1_2_aarch64.whl", hash = "sha256:4b4cd51a57b698b2d06cb9993b7ac8dfe89a3b2878e96bc7948e9f19ff51dba6", size = 84313, upload-time = "2025-08-05T16:42:30.949Z" },
    { url = "https://files.pythonhosted.org/packages/84/ba/bd5d3806641564f2024e97ca98ea8f8811d4e01d9b9f9831474bc9e14f9e/audioop_lts-0.2.2-cp313-abi3-musllinux_1_2_ppc64le.whl", hash = "sha256:4a53aa7c16a60a6857e6b0b165261436396ef7293f8b5c9c828a3a203147ed4a", size = 93044, upload-time = "2025-08-05T16:42:31.959Z" },
    { url = "https://files.pythonhosted.org/packages/f9/5e/435ce8d5642f1f7679540d1e73c1c42d933331c0976eb397d1717d7f01a3/audioop_lts-0.2.2-cp313-abi3-musllinux_1_2_riscv64.whl", hash = "sha256:3fc38008969796f0f689f1453722a0f463da1b8a6fbee11987830bfbb664f623", size = 78766, upload-time = "2025-08-05T16:42:33.302Z" },
    { url = "https://files.pythonhosted.org/packages/ae/3b/b909e76b606cbfd53875693ec8c156e93e15a1366a012f0b7e4fb52d3c34/audioop_lts-0.2.2-cp313-abi3-musllinux_1_2_s390x.whl", hash = "sha256:15ab25dd3e620790f40e9ead897f91e79c0d3ce65fe193c8ed6c26cffdd24be7", size = 87640, upload-time = "2025-08-05T16:42:34.854Z" },
    { url = "https://files.pythonhosted.org/packages/30/e7/8f1603b4572d79b775f2140d7952f200f5e6c62904585d08a01f0a70393a/audioop_lts-0.2.2-cp313-abi3-musllinux_1_2_x86_64.whl", hash = "sha256:03f061a1915538fd96272bac9551841859dbb2e3bf73ebe4a23ef043766f5449", size = 86052, upload-time = "2025-08-05T16:42:35.839Z" },
    { url = "https://files.pythonhosted.org/packages/b5/96/c37846df657ccdda62ba1ae2b6534fa90e2e1b1742ca8dcf8ebd38c53801/audioop_lts-0.2.2-cp313-abi3-win32.whl", hash = "sha256:3bcddaaf6cc5935a300a8387c99f7a7fbbe212a11568ec6cf6e4bc458c048636", size = 26185, upload-time = "2025-08-05T16:42:37.04Z" },
    { url = "https://files.pythonhosted.org/packages/34/a5/9d78fdb5b844a83da8a71226c7bdae7cc638861085fff7a1d707cb4823fa/audioop_lts-0.2.2-cp313-abi3-win_amd64.whl", hash = "sha256:a2c2a947fae7d1062ef08c4e369e0ba2086049a5e598fda41122535557012e9e", size = 30503, upload-time = "2025-08-05T16:42:38.427Z" },
    { url = "https://files.pythonhosted.org/packages/34/25/20d8fde083123e90c61b51afb547bb0ea7e77bab50d98c0ab243d02a0e43/audioop_lts-0.2.2-cp313-abi3-win_arm64.whl", hash = "sha256:5f93a5db13927a37d2d09637ccca4b2b6b48c19cd9eda7b17a2e9f77edee6a6f", size = 24173, upload-time = "2025-08-05T16:42:39.704Z" },
    { url = "https://files.pythonhosted.org/packages/5c/73/413b5a2804091e2c7d5def1d618e4837f1cb82464e230f827226278556b7/audioop_lts-0.2.2-cp314-cp314t-macosx_10_13_universal2.whl", hash = "sha256:f9ee9b52f5f857fbaf9d605a360884f034c92c1c23021fb90b2e39b8e64bede6", size = 47104, upload-time = "2025-08-05T16:42:58.518Z" },
    { url = "https://files.pythonhosted.org/packages/ae/8c/daa3308dc6593944410c2c68306a5e217f5c05b70a12e70228e7dd42dc5c/audioop_lts-0.2.2-cp314-cp314t-macosx_10_13_x86_64.whl", hash = "sha256:49ee1a41738a23e98d98b937a0638357a2477bc99e61b0f768a8f654f45d9b7a", size = 27754, upload-time = "2025-08-05T16:43:00.132Z" },
    { url = "https://files.pythonhosted.org/packages/4e/86/c2e0f627168fcf61781a8f72cab06b228fe1da4b9fa4ab39cfb791b5836b/audioop_lts-0.2.2-cp314-cp314t-macosx_11_0_arm64.whl", hash = "sha256:5b00be98ccd0fc123dcfad31d50030d25fcf31488cde9e61692029cd7394733b", size = 27332, upload-time = "2025-08-05T16:43:01.666Z" },
    { url = "https://files.pythonhosted.org/packages/c7/bd/35dce665255434f54e5307de39e31912a6f902d4572da7c37582809de14f/audioop_lts-0.2.2-cp314-cp314t-manylinux1_x86_64.manylinux_2_28_x86_64.manylinux_2_5_x86_64.whl", hash = "sha256:a6d2e0f9f7a69403e388894d4ca5ada5c47230716a03f2847cfc7bd1ecb589d6", size = 92396, upload-time = "2025-08-05T16:43:02.991Z" },
    { url = "https://files.pythonhosted.org/packages/2d/d2/deeb9f51def1437b3afa35aeb729d577c04bcd89394cb56f9239a9f50b6f/audioop_lts-0.2.2-cp314-cp314t-manylinux2014_aarch64.manylinux_2_17_aarch64.manylinux_2_28_aarch64.whl", hash = "sha256:f9b0b8a03ef474f56d1a842af1a2e01398b8f7654009823c6d9e0ecff4d5cfbf", size = 91811, upload-time = "2025-08-05T16:43:04.096Z" },
    { url = "https://files.pythonhosted.org/packages/76/3b/09f8b35b227cee28cc8231e296a82759ed80c1a08e349811d69773c48426/audioop_lts-0.2.2-cp314-cp314t-manylinux2014_ppc64le.manylinux_2_17_ppc64le.manylinux_2_28_ppc64le.whl", hash = "sha256:2b267b70747d82125f1a021506565bdc5609a2b24bcb4773c16d79d2bb260bbd", size = 100483, upload-time = "2025-08-05T16:43:05.085Z" },
    { url = "https://files.pythonhosted.org/packages/0b/15/05b48a935cf3b130c248bfdbdea71ce6437f5394ee8533e0edd7cfd93d5e/audioop_lts-0.2.2-cp314-cp314t-manylinux2014_s390x.manylinux_2_17_s390x.manylinux_2_28_s390x.whl", hash = "sha256:0337d658f9b81f4cd0fdb1f47635070cc084871a3d4646d9de74fdf4e7c3d24a", size = 103885, upload-time = "2025-08-05T16:43:06.197Z" },
    { url = "https://files.pythonhosted.org/packages/83/80/186b7fce6d35b68d3d739f228dc31d60b3412105854edb975aa155a58339/audioop_lts-0.2.2-cp314-cp314t-manylinux_2_31_riscv64.manylinux_2_39_riscv64.whl", hash = "sha256:167d3b62586faef8b6b2275c3218796b12621a60e43f7e9d5845d627b9c9b80e", size = 84899, upload-time = "2025-08-05T16:43:07.291Z" },
    { url = "https://files.pythonhosted.org/packages/49/89/c78cc5ac6cb5828f17514fb12966e299c850bc885e80f8ad94e38d450886/audioop_lts-0.2.2-cp314-cp314t-musllinux_1_2_aarch64.whl", hash = "sha256:0d9385e96f9f6da847f4d571ce3cb15b5091140edf3db97276872647ce37efd7", size = 89998, upload-time = "2025-08-05T16:43:08.335Z" },
    { url = "https://files.pythonhosted.org/packages/4c/4b/6401888d0c010e586c2ca50fce4c903d70a6bb55928b16cfbdfd957a13da/audioop_lts-0.2.2-cp314-cp314t-musllinux_1_2_ppc64le.whl", hash = "sha256:48159d96962674eccdca9a3df280e864e8ac75e40a577cc97c5c42667ffabfc5", size = 99046, upload-time = "2025-08-05T16:43:09.367Z" },
    { url = "https://files.pythonhosted.org/packages/de/f8/c874ca9bb447dae0e2ef2e231f6c4c2b0c39e31ae684d2420b0f9e97ee68/audioop_lts-0.2.2-cp314-cp314t-musllinux_1_2_riscv64.whl", hash = "sha256:8fefe5868cd082db1186f2837d64cfbfa78b548ea0d0543e9b28935ccce81ce9", size = 84843, upload-time = "2025-08-05T16:43:10.749Z" },
    { url = "https://files.pythonhosted.org/packages/3e/c0/0323e66f3daebc13fd46b36b30c3be47e3fc4257eae44f1e77eb828c703f/audioop_lts-0.2.2-cp314-cp314t-musllinux_1_2_s390x.whl", hash = "sha256:58cf54380c3884fb49fdd37dfb7a772632b6701d28edd3e2904743c5e1773602", size = 94490, upload-time = "2025-08-05T16:43:12.131Z" },
    { url = "https://files.pythonhosted.org/packages/98/6b/acc7734ac02d95ab791c10c3f17ffa3584ccb9ac5c18fd771c638ed6d1f5/audioop_lts-0.2.2-cp314-cp314t-musllinux_1_2_x86_64.whl", hash = "sha256:088327f00488cdeed296edd9215ca159f3a5a5034741465789cad403fcf4bec0", size = 92297, upload-time = "2025-08-05T16:43:13.139Z" },
    { url = "https://files.pythonhosted.org/packages/13/c3/c3dc3f564ce6877ecd2a05f8d751b9b27a8c320c2533a98b0c86349778d0/audioop_lts-0.2.2-cp314-cp314t-win32.whl", hash = "sha256:068aa17a38b4e0e7de771c62c60bbca2455924b67a8814f3b0dee92b5820c0b3", size = 27331, upload-time = "2025-08-05T16:43:14.19Z" },
    { url = "https://files.pythonhosted.org/packages/72/bb/b4608537e9ffcb86449091939d52d24a055216a36a8bf66b936af8c3e7ac/audioop_lts-0.2.2-cp314-cp314t-win_amd64.whl", hash = "sha256:a5bf613e96f49712073de86f20dbdd4014ca18efd4d34ed18c75bd808337851b", size = 31697, upload-time = "2025-08-05T16:43:15.193Z" },
    { url = "https://files.pythonhosted.org/packages/f6/22/91616fe707a5c5510de2cac9b046a30defe7007ba8a0c04f9c08f27df312/audioop_lts-0.2.2-cp314-cp314t-win_arm64.whl", hash = "sha256:b492c3b040153e68b9fdaff5913305aaaba5bb433d8a7f73d5cf6a64ed3cc1dd", size = 25206, upload-time = "2025-08-05T16:43:16.444Z" },
]

[[package]]
name = "beautifulsoup4"
version = "4.14.3"
source = { registry = "https://pypi.org/simple" }
dependencies = [
    { name = "soupsieve" },
    { name = "typing-extensions" },
]
sdist = { url = "https://files.pythonhosted.org/packages/c3/b0/1c6a16426d389813b48d95e26898aff79abbde42ad353958ad95cc8c9b21/beautifulsoup4-4.14.3.tar.gz", hash = "sha256:6292b1c5186d356bba669ef9f7f051757099565ad9ada5dd630bd9de5fa7fb86", size = 627737, upload-time = "2025-11-30T15:08:26.084Z" }
wheels = [
    { url = "https://files.pythonhosted.org/packages/1a/39/47f9197bdd44df24d67ac8893641e16f386c984a0619ef2ee4c51fbbc019/beautifulsoup4-4.14.3-py3-none-any.whl", hash = "sha256:0918bfe44902e6ad8d57732ba310582e98da931428d231a5ecb9e7c703a735bb", size = 107721, upload-time = "2025-11-30T15:08:24.087Z" },
]

[[package]]
name = "certifi"
version = "2026.1.4"
source = { registry = "https://pypi.org/simple" }
sdist = { url = "https://files.pythonhosted.org/packages/e0/2d/a891ca51311197f6ad14a7ef42e2399f36cf2f9bd44752b3dc4eab60fdc5/certifi-2026.1.4.tar.gz", hash = "sha256:ac726dd470482006e014ad384921ed6438c457018f4b3d204aea4281258b2120", size = 154268, upload-time = "2026-01-04T02:42:41.825Z" }
wheels = [
    { url = "https://files.pythonhosted.org/packages/e6/ad/3cc14f097111b4de0040c83a525973216457bbeeb63739ef1ed275c1c021/certifi-2026.1.4-py3-none-any.whl", hash = "sha256:9943707519e4add1115f44c2bc244f782c0249876bf51b6599fee1ffbedd685c", size = 152900, upload-time = "2026-01-04T02:42:40.15Z" },
]

[[package]]
name = "charset-normalizer"
version = "3.4.4"
source = { registry = "https://pypi.org/simple" }
sdist = { url = "https://files.pythonhosted.org/packages/13/69/33ddede1939fdd074bce5434295f38fae7136463422fe4fd3e0e89b98062/charset_normalizer-3.4.4.tar.gz", hash = "sha256:94537985111c35f28720e43603b8e7b43a6ecfb2ce1d3058bbe955b73404e21a", size = 129418, upload-time = "2025-10-14T04:42:32.879Z" }
wheels = [
    { url = "https://files.pythonhosted.org/packages/2a/35/7051599bd493e62411d6ede36fd5af83a38f37c4767b92884df7301db25d/charset_normalizer-3.4.4-cp314-cp314-macosx_10_13_universal2.whl", hash = "sha256:da3326d9e65ef63a817ecbcc0df6e94463713b754fe293eaa03da99befb9a5bd", size = 207746, upload-time = "2025-10-14T04:41:33.773Z" },
    { url = "https://files.pythonhosted.org/packages/10/9a/97c8d48ef10d6cd4fcead2415523221624bf58bcf68a802721a6bc807c8f/charset_normalizer-3.4.4-cp314-cp314-manylinux2014_aarch64.manylinux_2_17_aarch64.manylinux_2_28_aarch64.whl", hash = "sha256:8af65f14dc14a79b924524b1e7fffe304517b2bff5a58bf64f30b98bbc5079eb", size = 147889, upload-time = "2025-10-14T04:41:34.897Z" },
    { url = "https://files.pythonhosted.org/packages/10/bf/979224a919a1b606c82bd2c5fa49b5c6d5727aa47b4312bb27b1734f53cd/charset_normalizer-3.4.4-cp314-cp314-manylinux2014_armv7l.manylinux_2_17_armv7l.manylinux_2_31_armv7l.whl", hash = "sha256:74664978bb272435107de04e36db5a9735e78232b85b77d45cfb38f758efd33e", size = 143641, upload-time = "2025-10-14T04:41:36.116Z" },
    { url = "https://files.pythonhosted.org/packages/ba/33/0ad65587441fc730dc7bd90e9716b30b4702dc7b617e6ba4997dc8651495/charset_normalizer-3.4.4-cp314-cp314-manylinux2014_ppc64le.manylinux_2_17_ppc64le.manylinux_2_28_ppc64le.whl", hash = "sha256:752944c7ffbfdd10c074dc58ec2d5a8a4cd9493b314d367c14d24c17684ddd14", size = 160779, upload-time = "2025-10-14T04:41:37.229Z" },
    { url = "https://files.pythonhosted.org/packages/67/ed/331d6b249259ee71ddea93f6f2f0a56cfebd46938bde6fcc6f7b9a3d0e09/charset_normalizer-3.4.4-cp314-cp314-manylinux2014_s390x.manylinux_2_17_s390x.manylinux_2_28_s390x.whl", hash = "sha256:d1f13550535ad8cff21b8d757a3257963e951d96e20ec82ab44bc64aeb62a191", size = 159035, upload-time = "2025-10-14T04:41:38.368Z" },
    { url = "https://files.pythonhosted.org/packages/67/ff/f6b948ca32e4f2a4576aa129d8bed61f2e0543bf9f5f2b7fc3758ed005c9/charset_normalizer-3.4.4-cp314-cp314-manylinux2014_x86_64.manylinux_2_17_x86_64.manylinux_2_28_x86_64.whl", hash = "sha256:ecaae4149d99b1c9e7b88bb03e3221956f68fd6d50be2ef061b2381b61d20838", size = 152542, upload-time = "2025-10-14T04:41:39.862Z" },
    { url = "https://files.pythonhosted.org/packages/16/85/276033dcbcc369eb176594de22728541a925b2632f9716428c851b149e83/charset_normalizer-3.4.4-cp314-cp314-manylinux_2_31_riscv64.manylinux_2_39_riscv64.whl", hash = "sha256:cb6254dc36b47a990e59e1068afacdcd02958bdcce30bb50cc1700a8b9d624a6", size = 149524, upload-time = "2025-10-14T04:41:41.319Z" },
    { url = "https://files.pythonhosted.org/packages/9e/f2/6a2a1f722b6aba37050e626530a46a68f74e63683947a8acff92569f979a/charset_normalizer-3.4.4-cp314-cp314-musllinux_1_2_aarch64.whl", hash = "sha256:c8ae8a0f02f57a6e61203a31428fa1d677cbe50c93622b4149d5c0f319c1d19e", size = 150395, upload-time = "2025-10-14T04:41:42.539Z" },
    { url = "https://files.pythonhosted.org/packages/60/bb/2186cb2f2bbaea6338cad15ce23a67f9b0672929744381e28b0592676824/charset_normalizer-3.4.4-cp314-cp314-musllinux_1_2_armv7l.whl", hash = "sha256:47cc91b2f4dd2833fddaedd2893006b0106129d4b94fdb6af1f4ce5a9965577c", size = 143680, upload-time = "2025-10-14T04:41:43.661Z" },
    { url = "https://files.pythonhosted.org/packages/7d/a5/bf6f13b772fbb2a90360eb620d52ed8f796f3c5caee8398c3b2eb7b1c60d/charset_normalizer-3.4.4-cp314-cp314-musllinux_1_2_ppc64le.whl", hash = "sha256:82004af6c302b5d3ab2cfc4cc5f29db16123b1a8417f2e25f9066f91d4411090", size = 162045, upload-time = "2025-10-14T04:41:44.821Z" },
    { url = "https://files.pythonhosted.org/packages/df/c5/d1be898bf0dc3ef9030c3825e5d3b83f2c528d207d246cbabe245966808d/charset_normalizer-3.4.4-cp314-cp314-musllinux_1_2_riscv64.whl", hash = "sha256:2b7d8f6c26245217bd2ad053761201e9f9680f8ce52f0fcd8d0755aeae5b2152", size = 149687, upload-time = "2025-10-14T04:41:46.442Z" },
    { url = "https://files.pythonhosted.org/packages/a5/42/90c1f7b9341eef50c8a1cb3f098ac43b0508413f33affd762855f67a410e/charset_normalizer-3.4.4-cp314-cp314-musllinux_1_2_s390x.whl", hash = "sha256:799a7a5e4fb2d5898c60b640fd4981d6a25f1c11790935a44ce38c54e985f828", size = 160014, upload-time = "2025-10-14T04:41:47.631Z" },
    { url = "https://files.pythonhosted.org/packages/76/be/4d3ee471e8145d12795ab655ece37baed0929462a86e72372fd25859047c/charset_normalizer-3.4.4-cp314-cp314-musllinux_1_2_x86_64.whl", hash = "sha256:99ae2cffebb06e6c22bdc25801d7b30f503cc87dbd283479e7b606f70aff57ec", size = 154044, upload-time = "2025-10-14T04:41:48.81Z" },
    { url = "https://files.pythonhosted.org/packages/b0/6f/8f7af07237c34a1defe7defc565a9bc1807762f672c0fde711a4b22bf9c0/charset_normalizer-3.4.4-cp314-cp314-win32.whl", hash = "sha256:f9d332f8c2a2fcbffe1378594431458ddbef721c1769d78e2cbc06280d8155f9", size = 99940, upload-time = "2025-10-14T04:41:49.946Z" },
    { url = "https://files.pythonhosted.org/packages/4b/51/8ade005e5ca5b0d80fb4aff72a3775b325bdc3d27408c8113811a7cbe640/charset_normalizer-3.4.4-cp314-cp314-win_amd64.whl", hash = "sha256:8a6562c3700cce886c5be75ade4a5db4214fda19fede41d9792d100288d8f94c", size = 107104, upload-time = "2025-10-14T04:41:51.051Z" },
    { url = "https://files.pythonhosted.org/packages/da/5f/6b8f83a55bb8278772c5ae54a577f3099025f9ade59d0136ac24a0df4bde/charset_normalizer-3.4.4-cp314-cp314-win_arm64.whl", hash = "sha256:de00632ca48df9daf77a2c65a484531649261ec9f25489917f09e455cb09ddb2", size = 100743, upload-time = "2025-10-14T04:41:52.122Z" },
    { url = "https://files.pythonhosted.org/packages/0a/4c/925909008ed5a988ccbb72dcc897407e5d6d3bd72410d69e051fc0c14647/charset_normalizer-3.4.4-py3-none-any.whl", hash = "sha256:7a32c560861a02ff789ad905a2fe94e3f840803362c84fecf1851cb4cf3dc37f", size = 53402, upload-time = "2025-10-14T04:42:31.76Z" },
]

[[package]]
name = "googlesearch-python"
version = "1.3.0"
source = { registry = "https://pypi.org/simple" }
dependencies = [
    { name = "beautifulsoup4" },
    { name = "requests" },
]
sdist = { url = "https://files.pythonhosted.org/packages/00/c8/3f76213025b77de23f11d3f87349ff9825cf3b0054f62156858af1bd94f3/googlesearch_python-1.3.0.tar.gz", hash = "sha256:c5729b1247c2a8f5c4b48ed73c4f8e9fd558ac4e09de67865479f0a33f2d97dc", size = 5191, upload-time = "2025-01-21T02:31:24.285Z" }
wheels = [
    { url = "https://files.pythonhosted.org/packages/60/a6/c1fe6a46a7ac2d3b08acfe88ce3d2b12cd8351c697ee4b300bfa350b7c9a/googlesearch_python-1.3.0-py3-none-any.whl", hash = "sha256:808c4dd390dc4c6a1cfba2f5151f5ef16dceb0a200d9770b388dcd39162b4e19", size = 5563, upload-time = "2025-01-21T02:31:22.102Z" },
]

[[package]]
name = "idna"
version = "3.11"
source = { registry = "https://pypi.org/simple" }
sdist = { url = "https://files.pythonhosted.org/packages/6f/6d/0703ccc57f3a7233505399edb88de3cbd678da106337b9fcde432b65ed60/idna-3.11.tar.gz", hash = "sha256:795dafcc9c04ed0c1fb032c2aa73654d8e8c5023a7df64a53f39190ada629902", size = 194582, upload-time = "2025-10-12T14:55:20.501Z" }
wheels = [
    { url = "https://files.pythonhosted.org/packages/0e/61/66938bbb5fc52dbdf84594873d5b51fb1f7c7794e9c0f5bd885f30bc507b/idna-3.11-py3-none-any.whl", hash = "sha256:771a87f49d9defaf64091e6e6fe9c18d4833f140bd19464795bc32d966ca37ea", size = 71008, upload-time = "2025-10-12T14:55:18.883Z" },
]

[[package]]
name = "requests"
version = "2.32.5"
source = { registry = "https://pypi.org/simple" }
dependencies = [
    { name = "certifi" },
    { name = "charset-normalizer" },
    { name = "idna" },
    { name = "urllib3" },
]
sdist = { url = "https://files.pythonhosted.org/packages/c9/74/b3ff8e6c8446842c3f5c837e9c3dfcfe2018ea6ecef224c710c85ef728f4/requests-2.32.5.tar.gz", hash = "sha256:dbba0bac56e100853db0ea71b82b4dfd5fe2bf6d3754a8893c3af500cec7d7cf", size = 134517, upload-time = "2025-08-18T20:46:02.573Z" }
wheels = [
    { url = "https://files.pythonhosted.org/packages/1e/db/4254e3eabe8020b458f1a747140d32277ec7a271daf1d235b70dc0b4e6e3/requests-2.32.5-py3-none-any.whl", hash = "sha256:2462f94637a34fd532264295e186976db0f5d453d1cdd31473c85a6a161affb6", size = 64738, upload-time = "2025-08-18T20:46:00.542Z" },
]

[[package]]
name = "shinobi-code-api"
version = "0.2.0"
source = { virtual = "." }
dependencies = [
    { name = "googlesearch-python" },
    { name = "speechrecognition" },
]

[package.metadata]
requires-dist = [
    { name = "googlesearch-python", specifier = ">=1.3.0" },
    { name = "speechrecognition", specifier = ">=3.14.5" },
]

[[package]]
name = "soupsieve"
version = "2.8.1"
source = { registry = "https://pypi.org/simple" }
sdist = { url = "https://files.pythonhosted.org/packages/89/23/adf3796d740536d63a6fbda113d07e60c734b6ed5d3058d1e47fc0495e47/soupsieve-2.8.1.tar.gz", hash = "sha256:4cf733bc50fa805f5df4b8ef4740fc0e0fa6218cf3006269afd3f9d6d80fd350", size = 117856, upload-time = "2025-12-18T13:50:34.655Z" }
wheels = [
    { url = "https://files.pythonhosted.org/packages/48/f3/b67d6ea49ca9154453b6d70b34ea22f3996b9fa55da105a79d8732227adc/soupsieve-2.8.1-py3-none-any.whl", hash = "sha256:a11fe2a6f3d76ab3cf2de04eb339c1be5b506a8a47f2ceb6d139803177f85434", size = 36710, upload-time = "2025-12-18T13:50:33.267Z" },
]

[[package]]
name = "speechrecognition"
version = "3.14.5"
source = { registry = "https://pypi.org/simple" }
dependencies = [
    { name = "audioop-lts" },
    { name = "standard-aifc" },
    { name = "typing-extensions" },
]
sdist = { url = "https://files.pythonhosted.org/packages/26/ab/bb1c60e7bfd6b7a736f76439b78ebbfb5e92a81b626b6e94a87e166f2ea4/speechrecognition-3.14.5.tar.gz", hash = "sha256:2d185192986b9b67a1502825a330e971f59a2cae0262f727a19ad1f6b586d00a", size = 32859817, upload-time = "2025-12-31T11:25:46.518Z" }
wheels = [
    { url = "https://files.pythonhosted.org/packages/b8/a7/903429719d39ac2c42aa37086c90e816d883560f13c87d51f09a2962e021/speechrecognition-3.14.5-py3-none-any.whl", hash = "sha256:0c496d74e9f29b1daadb0d96f5660f47563e42bf09316dacdd57094c5095977e", size = 32856308, upload-time = "2025-12-31T11:25:41.161Z" },
]

[[package]]
name = "standard-aifc"
version = "3.13.0"
source = { registry = "https://pypi.org/simple" }
dependencies = [
    { name = "audioop-lts" },
    { name = "standard-chunk" },
]
sdist = { url = "https://files.pythonhosted.org/packages/c4/53/6050dc3dde1671eb3db592c13b55a8005e5040131f7509cef0215212cb84/standard_aifc-3.13.0.tar.gz", hash = "sha256:64e249c7cb4b3daf2fdba4e95721f811bde8bdfc43ad9f936589b7bb2fae2e43", size = 15240, upload-time = "2024-10-30T16:01:31.772Z" }
wheels = [
    { url = "https://files.pythonhosted.org/packages/c3/52/5fbb203394cc852334d1575cc020f6bcec768d2265355984dfd361968f36/standard_aifc-3.13.0-py3-none-any.whl", hash = "sha256:f7ae09cc57de1224a0dd8e3eb8f73830be7c3d0bc485de4c1f82b4a7f645ac66", size = 10492, upload-time = "2024-10-30T16:01:07.071Z" },
]

[[package]]
name = "standard-chunk"
version = "3.13.0"
source = { registry = "https://pypi.org/simple" }
sdist = { url = "https://files.pythonhosted.org/packages/43/06/ce1bb165c1f111c7d23a1ad17204d67224baa69725bb6857a264db61beaf/standard_chunk-3.13.0.tar.gz", hash = "sha256:4ac345d37d7e686d2755e01836b8d98eda0d1a3ee90375e597ae43aaf064d654", size = 4672, upload-time = "2024-10-30T16:18:28.326Z" }
wheels = [
    { url = "https://files.pythonhosted.org/packages/7a/90/a5c1084d87767d787a6caba615aa50dc587229646308d9420c960cb5e4c0/standard_chunk-3.13.0-py3-none-any.whl", hash = "sha256:17880a26c285189c644bd5bd8f8ed2bdb795d216e3293e6dbe55bbd848e2982c", size = 4944, upload-time = "2024-10-30T16:18:26.694Z" },
]

[[package]]
name = "typing-extensions"
version = "4.15.0"
source = { registry = "https://pypi.org/simple" }
sdist = { url = "https://files.pythonhosted.org/packages/72/94/1a15dd82efb362ac84269196e94cf00f187f7ed21c242792a923cdb1c61f/typing_extensions-4.15.0.tar.gz", hash = "sha256:0cea48d173cc12fa28ecabc3b837ea3cf6f38c6d1136f85cbaaf598984861466", size = 109391, upload-time = "2025-08-25T13:49:26.313Z" }
wheels = [
    { url = "https://files.pythonhosted.org/packages/18/67/36e9267722cc04a6b9f15c7f3441c2363321a3ea07da7ae0c0707beb2a9c/typing_extensions-4.15.0-py3-none-any.whl", hash = "sha256:f0fa19c6845758ab08074a0cfa8b7aecb71c999ca73d62883bc25cc018c4e548", size = 44614, upload-time = "2025-08-25T13:49:24.86Z" },
]

[[package]]
name = "urllib3"
version = "2.6.3"
source = { registry = "https://pypi.org/simple" }
sdist = { url = "https://files.pythonhosted.org/packages/c7/24/5f1b3bdffd70275f6661c76461e25f024d5a38a46f04aaca912426a2b1d3/urllib3-2.6.3.tar.gz", hash = "sha256:1b62b6884944a57dbe321509ab94fd4d3b307075e0c2eae991ac71ee15ad38ed", size = 435556, upload-time = "2026-01-07T16:24:43.925Z" }
wheels = [
    { url = "https://files.pythonhosted.org/packages/39/08/aaaad47bc4e9dc8c725e68f9d04865dbcb2052843ff09c97b08904852d84/urllib3-2.6.3-py3-none-any.whl", hash = "sha256:bf272323e553dfb2e87d9bfd225ca7b0f467b919d7bbd355436d3fd37cb0acd4", size = 131584, upload-time = "2026-01-07T16:24:42.685Z" },
]
